
Microsoft Visual Studio Solution File, Format Version 12.00
# Visual Studio Version 16
VisualStudioVersion = 16.0.30114.105
MinimumVisualStudioVersion = 10.0.40219.1
Project("{FAE04EC0-301F-11D3-BF4B-00C04F79EFBC}") = "StudioAreaOfACircle", "StudioAreaOfACircle.csproj", "{CEBCBDBB-BCDB-4870-8C33-049EEC0FF5EB}"
EndProject
Global
	GlobalSection(SolutionConfigurationPlatforms) = preSolution
		Debug|Any CPU = Debug|Any CPU
		Release|Any CPU = Release|Any CPU
	EndGlobalSection
	GlobalSection(ProjectConfigurationPlatforms) = postSolution
		{CEBCBDBB-BCDB-4870-8C33-049EEC0FF5EB}.Debug|Any CPU.ActiveCfg = Debug|Any CPU
		{CEBCBDBB-BCDB-4870-8C33-049EEC0FF5EB}.Debug|Any CPU.Build.0 = Debug|Any CPU
		{CEBCBDBB-BCDB-4870-8C33-049EEC0FF5EB}.Release|Any CPU.ActiveCfg = Release|Any CPU
		{CEBCBDBB-BCDB-4870-8C33-049EEC0FF5EB}.Release|Any CPU.Build.0 = Release|Any CPU
	EndGlobalSection
	GlobalSection(SolutionProperties) = preSolution
		HideSolutionNode = FALSE
	EndGlobalSection
	GlobalSection(ExtensibilityGlobals) = postSolution
		SolutionGuid = {365D6F77-A29C-42F5-8820-530E2A391ACF}
	EndGlobalSection
EndGlobal
